
Microsoft Visual Studio Solution File, Format Version 12.00
# Visual Studio 15
VisualStudioVersion = 15.0.26124.0
MinimumVisualStudioVersion = 15.0.26124.0
Project("{FAE04EC0-301F-11D3-BF4B-00C04F79EFBC}") = "API", "API\API.csproj", "{EA8E931C-1457-49DE-BF68-AA59A327D64E}"
EndProject
Project("{FAE04EC0-301F-11D3-BF4B-00C04F79EFBC}") = "Application", "Application\Application.csproj", "{838E57C9-6922-4A0E-BA7A-793A063F835C}"
EndProject
Project("{FAE04EC0-301F-11D3-BF4B-00C04F79EFBC}") = "Domain", "Domain\Domain.csproj", "{5E85D1DA-A75B-4A51-B05B-91686E810DAE}"
EndProject
Project("{FAE04EC0-301F-11D3-BF4B-00C04F79EFBC}") = "Persistence", "Persistence\Persistence.csproj", "{EA18F052-5DB9-4678-AC30-418AB8BED6A5}"
EndProject
Project("{2150E333-8FDC-42A3-9474-1A3956D46DE8}") = "Test", "Test", "{9EC093FA-32F2-43E1-9595-D03CE622DAB2}"
EndProject
Project("{FAE04EC0-301F-11D3-BF4B-00C04F79EFBC}") = "API.Test", "Test\API.Test\API.Test.csproj", "{0374148B-6303-4956-A592-AF1E7A6ADCC8}"
EndProject
Project("{FAE04EC0-301F-11D3-BF4B-00C04F79EFBC}") = "Application.Test", "Test\Application.Test\Application.Test.csproj", "{F599242C-F2C4-424F-A33E-72DCE06C32BD}"
EndProject
Project("{FAE04EC0-301F-11D3-BF4B-00C04F79EFBC}") = "Infrastructure", "Infrastructure\Infrastructure.csproj", "{B428DBB2-4C50-4B56-8F3A-73061AC31FEF}"
EndProject
Global
	GlobalSection(SolutionConfigurationPlatforms) = preSolution
		Debug|Any CPU = Debug|Any CPU
		Debug|x64 = Debug|x64
		Debug|x86 = Debug|x86
		Release|Any CPU = Release|Any CPU
		Release|x64 = Release|x64
		Release|x86 = Release|x86
	EndGlobalSection
	GlobalSection(SolutionProperties) = preSolution
		HideSolutionNode = FALSE
	EndGlobalSection
	GlobalSection(ProjectConfigurationPlatforms) = postSolution
		{EA8E931C-1457-49DE-BF68-AA59A327D64E}.Debug|Any CPU.ActiveCfg = Debug|Any CPU
		{EA8E931C-1457-49DE-BF68-AA59A327D64E}.Debug|Any CPU.Build.0 = Debug|Any CPU
		{EA8E931C-1457-49DE-BF68-AA59A327D64E}.Debug|x64.ActiveCfg = Debug|Any CPU
		{EA8E931C-1457-49DE-BF68-AA59A327D64E}.Debug|x64.Build.0 = Debug|Any CPU
		{EA8E931C-1457-49DE-BF68-AA59A327D64E}.Debug|x86.ActiveCfg = Debug|Any CPU
		{EA8E931C-1457-49DE-BF68-AA59A327D64E}.Debug|x86.Build.0 = Debug|Any CPU
		{EA8E931C-1457-49DE-BF68-AA59A327D64E}.Release|Any CPU.ActiveCfg = Release|Any CPU
		{EA8E931C-1457-49DE-BF68-AA59A327D64E}.Release|Any CPU.Build.0 = Release|Any CPU
		{EA8E931C-1457-49DE-BF68-AA59A327D64E}.Release|x64.ActiveCfg = Release|Any CPU
		{EA8E931C-1457-49DE-BF68-AA59A327D64E}.Release|x64.Build.0 = Release|Any CPU
		{EA8E931C-1457-49DE-BF68-AA59A327D64E}.Release|x86.ActiveCfg = Release|Any CPU
		{EA8E931C-1457-49DE-BF68-AA59A327D64E}.Release|x86.Build.0 = Release|Any CPU
		{838E57C9-6922-4A0E-BA7A-793A063F835C}.Debug|Any CPU.ActiveCfg = Debug|Any CPU
		{838E57C9-6922-4A0E-BA7A-793A063F835C}.Debug|Any CPU.Build.0 = Debug|Any CPU
		{838E57C9-6922-4A0E-BA7A-793A063F835C}.Debug|x64.ActiveCfg = Debug|Any CPU
		{838E57C9-6922-4A0E-BA7A-793A063F835C}.Debug|x64.Build.0 = Debug|Any CPU
		{838E57C9-6922-4A0E-BA7A-793A063F835C}.Debug|x86.ActiveCfg = Debug|Any CPU
		{838E57C9-6922-4A0E-BA7A-793A063F835C}.Debug|x86.Build.0 = Debug|Any CPU
		{838E57C9-6922-4A0E-BA7A-793A063F835C}.Release|Any CPU.ActiveCfg = Release|Any CPU
		{838E57C9-6922-4A0E-BA7A-793A063F835C}.Release|Any CPU.Build.0 = Release|Any CPU
		{838E57C9-6922-4A0E-BA7A-793A063F835C}.Release|x64.ActiveCfg = Release|Any CPU
		{838E57C9-6922-4A0E-BA7A-793A063F835C}.Release|x64.Build.0 = Release|Any CPU
		{838E57C9-6922-4A0E-BA7A-793A063F835C}.Release|x86.ActiveCfg = Release|Any CPU
		{838E57C9-6922-4A0E-BA7A-793A063F835C}.Release|x86.Build.0 = Release|Any CPU
		{5E85D1DA-A75B-4A51-B05B-91686E810DAE}.Debug|Any CPU.ActiveCfg = Debug|Any CPU
		{5E85D1DA-A75B-4A51-B05B-91686E810DAE}.Debug|Any CPU.Build.0 = Debug|Any CPU
		{5E85D1DA-A75B-4A51-B05B-91686E810DAE}.Debug|x64.ActiveCfg = Debug|Any CPU
		{5E85D1DA-A75B-4A51-B05B-91686E810DAE}.Debug|x64.Build.0 = Debug|Any CPU
		{5E85D1DA-A75B-4A51-B05B-91686E810DAE}.Debug|x86.ActiveCfg = Debug|Any CPU
		{5E85D1DA-A75B-4A51-B05B-91686E810DAE}.Debug|x86.Build.0 = Debug|Any CPU
		{5E85D1DA-A75B-4A51-B05B-91686E810DAE}.Release|Any CPU.ActiveCfg = Release|Any CPU
		{5E85D1DA-A75B-4A51-B05B-91686E810DAE}.Release|Any CPU.Build.0 = Release|Any CPU
		{5E85D1DA-A75B-4A51-B05B-91686E810DAE}.Release|x64.ActiveCfg = Release|Any CPU
		{5E85D1DA-A75B-4A51-B05B-91686E810DAE}.Release|x64.Build.0 = Release|Any CPU
		{5E85D1DA-A75B-4A51-B05B-91686E810DAE}.Release|x86.ActiveCfg = Release|Any CPU
		{5E85D1DA-A75B-4A51-B05B-91686E810DAE}.Release|x86.Build.0 = Release|Any CPU
		{EA18F052-5DB9-4678-AC30-418AB8BED6A5}.Debug|Any CPU.ActiveCfg = Debug|Any CPU
		{EA18F052-5DB9-4678-AC30-418AB8BED6A5}.Debug|Any CPU.Build.0 = Debug|Any CPU
		{EA18F052-5DB9-4678-AC30-418AB8BED6A5}.Debug|x64.ActiveCfg = Debug|Any CPU
		{EA18F052-5DB9-4678-AC30-418AB8BED6A5}.Debug|x64.Build.0 = Debug|Any CPU
		{EA18F052-5DB9-4678-AC30-418AB8BED6A5}.Debug|x86.ActiveCfg = Debug|Any CPU
		{EA18F052-5DB9-4678-AC30-418AB8BED6A5}.Debug|x86.Build.0 = Debug|Any CPU
		{EA18F052-5DB9-4678-AC30-418AB8BED6A5}.Release|Any CPU.ActiveCfg = Release|Any CPU
		{EA18F052-5DB9-4678-AC30-418AB8BED6A5}.Release|Any CPU.Build.0 = Release|Any CPU
		{EA18F052-5DB9-4678-AC30-418AB8BED6A5}.Release|x64.ActiveCfg = Release|Any CPU
		{EA18F052-5DB9-4678-AC30-418AB8BED6A5}.Release|x64.Build.0 = Release|Any CPU
		{EA18F052-5DB9-4678-AC30-418AB8BED6A5}.Release|x86.ActiveCfg = Release|Any CPU
		{EA18F052-5DB9-4678-AC30-418AB8BED6A5}.Release|x86.Build.0 = Release|Any CPU
		{0374148B-6303-4956-A592-AF1E7A6ADCC8}.Debug|Any CPU.ActiveCfg = Debug|Any CPU
		{0374148B-6303-4956-A592-AF1E7A6ADCC8}.Debug|Any CPU.Build.0 = Debug|Any CPU
		{0374148B-6303-4956-A592-AF1E7A6ADCC8}.Debug|x64.ActiveCfg = Debug|Any CPU
		{0374148B-6303-4956-A592-AF1E7A6ADCC8}.Debug|x64.Build.0 = Debug|Any CPU
		{0374148B-6303-4956-A592-AF1E7A6ADCC8}.Debug|x86.ActiveCfg = Debug|Any CPU
		{0374148B-6303-4956-A592-AF1E7A6ADCC8}.Debug|x86.Build.0 = Debug|Any CPU
		{0374148B-6303-4956-A592-AF1E7A6ADCC8}.Release|Any CPU.ActiveCfg = Release|Any CPU
		{0374148B-6303-4956-A592-AF1E7A6ADCC8}.Release|Any CPU.Build.0 = Release|Any CPU
		{0374148B-6303-4956-A592-AF1E7A6ADCC8}.Release|x64.ActiveCfg = Release|Any CPU
		{0374148B-6303-4956-A592-AF1E7A6ADCC8}.Release|x64.Build.0 = Release|Any CPU
		{0374148B-6303-4956-A592-AF1E7A6ADCC8}.Release|x86.ActiveCfg = Release|Any CPU
		{0374148B-6303-4956-A592-AF1E7A6ADCC8}.Release|x86.Build.0 = Release|Any CPU
		{F599242C-F2C4-424F-A33E-72DCE06C32BD}.Debug|Any CPU.ActiveCfg = Debug|Any CPU
		{F599242C-F2C4-424F-A33E-72DCE06C32BD}.Debug|Any CPU.Build.0 = Debug|Any CPU
		{F599242C-F2C4-424F-A33E-72DCE06C32BD}.Debug|x64.ActiveCfg = Debug|Any CPU
		{F599242C-F2C4-424F-A33E-72DCE06C32BD}.Debug|x64.Build.0 = Debug|Any CPU
		{F599242C-F2C4-424F-A33E-72DCE06C32BD}.Debug|x86.ActiveCfg = Debug|Any CPU
		{F599242C-F2C4-424F-A33E-72DCE06C32BD}.Debug|x86.Build.0 = Debug|Any CPU
		{F599242C-F2C4-424F-A33E-72DCE06C32BD}.Release|Any CPU.ActiveCfg = Release|Any CPU
		{F599242C-F2C4-424F-A33E-72DCE06C32BD}.Release|Any CPU.Build.0 = Release|Any CPU
		{F599242C-F2C4-424F-A33E-72DCE06C32BD}.Release|x64.ActiveCfg = Release|Any CPU
		{F599242C-F2C4-424F-A33E-72DCE06C32BD}.Release|x64.Build.0 = Release|Any CPU
		{F599242C-F2C4-424F-A33E-72DCE06C32BD}.Release|x86.ActiveCfg = Release|Any CPU
		{F599242C-F2C4-424F-A33E-72DCE06C32BD}.Release|x86.Build.0 = Release|Any CPU
		{B428DBB2-4C50-4B56-8F3A-73061AC31FEF}.Debug|Any CPU.ActiveCfg = Debug|Any CPU
		{B428DBB2-4C50-4B56-8F3A-73061AC31FEF}.Debug|Any CPU.Build.0 = Debug|Any CPU
		{B428DBB2-4C50-4B56-8F3A-73061AC31FEF}.Debug|x64.ActiveCfg = Debug|Any CPU
		{B428DBB2-4C50-4B56-8F3A-73061AC31FEF}.Debug|x64.Build.0 = Debug|Any CPU
		{B428DBB2-4C50-4B56-8F3A-73061AC31FEF}.Debug|x86.ActiveCfg = Debug|Any CPU
		{B428DBB2-4C50-4B56-8F3A-73061AC31FEF}.Debug|x86.Build.0 = Debug|Any CPU
		{B428DBB2-4C50-4B56-8F3A-73061AC31FEF}.Release|Any CPU.ActiveCfg = Release|Any CPU
		{B428DBB2-4C50-4B56-8F3A-73061AC31FEF}.Release|Any CPU.Build.0 = Release|Any CPU
		{B428DBB2-4C50-4B56-8F3A-73061AC31FEF}.Release|x64.ActiveCfg = Release|Any CPU
		{B428DBB2-4C50-4B56-8F3A-73061AC31FEF}.Release|x64.Build.0 = Release|Any CPU
		{B428DBB2-4C50-4B56-8F3A-73061AC31FEF}.Release|x86.ActiveCfg = Release|Any CPU
		{B428DBB2-4C50-4B56-8F3A-73061AC31FEF}.Release|x86.Build.0 = Release|Any CPU
	EndGlobalSection
	GlobalSection(NestedProjects) = preSolution
		{0374148B-6303-4956-A592-AF1E7A6ADCC8} = {9EC093FA-32F2-43E1-9595-D03CE622DAB2}
		{F599242C-F2C4-424F-A33E-72DCE06C32BD} = {9EC093FA-32F2-43E1-9595-D03CE622DAB2}
	EndGlobalSection
EndGlobal
